// !$*UTF8*$!
{
	archiveVersion = 1;
	classes = {
	};
	objectVersion = 50;
	objects = {

/* Begin PBXBuildFile section */
		18EC257222BD272B00F1E43C /* AppDelegate.swift in Sources */ = {isa = PBXBuildFile; fileRef = 18EC257122BD272B00F1E43C /* AppDelegate.swift */; };
		18EC257422BD272B00F1E43C /* ViewController.swift in Sources */ = {isa = PBXBuildFile; fileRef = 18EC257322BD272B00F1E43C /* ViewController.swift */; };
		18EC257722BD272B00F1E43C /* Main.storyboard in Resources */ = {isa = PBXBuildFile; fileRef = 18EC257522BD272B00F1E43C /* Main.storyboard */; };
		18EC257922BD272E00F1E43C /* Assets.xcassets in Resources */ = {isa = PBXBuildFile; fileRef = 18EC257822BD272E00F1E43C /* Assets.xcassets */; };
		18EC257C22BD272E00F1E43C /* LaunchScreen.storyboard in Resources */ = {isa = PBXBuildFile; fileRef = 18EC257A22BD272E00F1E43C /* LaunchScreen.storyboard */; };
		18EC258722BD272E00F1E43C /* SeguesTests.swift in Sources */ = {isa = PBXBuildFile; fileRef = 18EC258622BD272E00F1E43C /* SeguesTests.swift */; };
		18EC259222BD272E00F1E43C /* SeguesUITests.swift in Sources */ = {isa = PBXBuildFile; fileRef = 18EC259122BD272E00F1E43C /* SeguesUITests.swift */; };
/* End PBXBuildFile section */

/* Begin PBXContainerItemProxy section */
		18EC258322BD272E00F1E43C /* PBXContainerItemProxy */ = {
			isa = PBXContainerItemProxy;
			containerPortal = 18EC256622BD272B00F1E43C /* Project object */;
			proxyType = 1;
			remoteGlobalIDString = 18EC256D22BD272B00F1E43C;
			remoteInfo = Segues;
		};
		18EC258E22BD272E00F1E43C /* PBXContainerItemProxy */ = {
			isa = PBXContainerItemProxy;
			containerPortal = 18EC256622BD272B00F1E43C /* Project object */;
			proxyType = 1;
			remoteGlobalIDString = 18EC256D22BD272B00F1E43C;
			remoteInfo = Segues;
		};
/* End PBXContainerItemProxy section */

/* Begin PBXFileReference section */
		18EC256E22BD272B00F1E43C /* Segues.app */ = {isa = PBXFileReference; explicitFileType = wrapper.application; includeInIndex = 0; path = Segues.app; sourceTree = BUILT_PRODUCTS_DIR; };
		18EC257122BD272B00F1E43C /* AppDelegate.swift */ = {isa = PBXFileReference; lastKnownFileType = sourcecode.swift; path = AppDelegate.swift; sourceTree = "<group>"; };
		18EC257322BD272B00F1E43C /* ViewController.swift */ = {isa = PBXFileReference; lastKnownFileType = sourcecode.swift; path = ViewController.swift; sourceTree = "<group>"; };
		18EC257622BD272B00F1E43C /* Base */ = {isa = PBXFileReference; lastKnownFileType = file.storyboard; name = Base; path = Base.lproj/Main.storyboard; sourceTree = "<group>"; };
		18EC257822BD272E00F1E43C /* Assets.xcassets */ = {isa = PBXFileReference; lastKnownFileType = folder.assetcatalog; path = Assets.xcassets; sourceTree = "<group>"; };
		18EC257B22BD272E00F1E43C /* Base */ = {isa = PBXFileReference; lastKnownFileType = file.storyboard; name = Base; path = Base.lproj/LaunchScreen.storyboard; sourceTree = "<group>"; };
		18EC257D22BD272E00F1E43C /* Info.plist */ = {isa = PBXFileReference; lastKnownFileType = text.plist.xml; path = Info.plist; sourceTree = "<group>"; };
		18EC258222BD272E00F1E43C /* SeguesTests.xctest */ = {isa = PBXFileReference; explicitFileType = wrapper.cfbundle; includeInIndex = 0; path = SeguesTests.xctest; sourceTree = BUILT_PRODUCTS_DIR; };
		18EC258622BD272E00F1E43C /* SeguesTests.swift */ = {isa = PBXFileReference; lastKnownFileType = sourcecode.swift; path = SeguesTests.swift; sourceTree = "<group>"; };
		18EC258822BD272E00F1E43C /* Info.plist */ = {isa = PBXFileReference; lastKnownFileType = text.plist.xml; path = Info.plist; sourceTree = "<group>"; };
		18EC258D22BD272E00F1E43C /* SeguesUITests.xctest */ = {isa = PBXFileReference; explicitFileType = wrapper.cfbundle; includeInIndex = 0; path = SeguesUITests.xctest; sourceTree = BUILT_PRODUCTS_DIR; };
		18EC259122BD272E00F1E43C /* SeguesUITests.swift */ = {isa = PBXFileReference; lastKnownFileType = sourcecode.swift; path = SeguesUITests.swift; sourceTree = "<group>"; };
		18EC259322BD272E00F1E43C /* Info.plist */ = {isa = PBXFileReference; lastKnownFileType = text.plist.xml; path = Info.plist; sourceTree = "<group>"; };
/* End PBXFileReference section */

/* Begin PBXFrameworksBuildPhase section */
		18EC256B22BD272B00F1E43C /* Frameworks */ = {
			isa = PBXFrameworksBuildPhase;
			buildActionMask = 2147483647;
			files = (
			);
			runOnlyForDeploymentPostprocessing = 0;
		};
		18EC257F22BD272E00F1E43C /* Frameworks */ = {
			isa = PBXFrameworksBuildPhase;
			buildActionMask = 2147483647;
			files = (
			);
			runOnlyForDeploymentPostprocessing = 0;
		};
		18EC258A22BD272E00F1E43C /* Frameworks */ = {
			isa = PBXFrameworksBuildPhase;
			buildActionMask = 2147483647;
			files = (
			);
			runOnlyForDeploymentPostprocessing = 0;
		};
/* End PBXFrameworksBuildPhase section */

/* Begin PBXGroup section */
		18EC256522BD272B00F1E43C = {
			isa = PBXGroup;
			children = (
				18EC257022BD272B00F1E43C /* Segues */,
				18EC258522BD272E00F1E43C /* SeguesTests */,
				18EC259022BD272E00F1E43C /* SeguesUITests */,
				18EC256F22BD272B00F1E43C /* Products */,
			);
			sourceTree = "<group>";
		};
		18EC256F22BD272B00F1E43C /* Products */ = {
			isa = PBXGroup;
			children = (
				18EC256E22BD272B00F1E43C /* Segues.app */,
				18EC258222BD272E00F1E43C /* SeguesTests.xctest */,
				18EC258D22BD272E00F1E43C /* SeguesUITests.xctest */,
			);
			name = Products;
			sourceTree = "<group>";
		};
		18EC257022BD272B00F1E43C /* Segues */ = {
			isa = PBXGroup;
			children = (
				18EC257122BD272B00F1E43C /* AppDelegate.swift */,
				18EC257322BD272B00F1E43C /* ViewController.swift */,
				18EC257522BD272B00F1E43C /* Main.storyboard */,
				18EC257822BD272E00F1E43C /* Assets.xcassets */,
				18EC257A22BD272E00F1E43C /* LaunchScreen.storyboard */,
				18EC257D22BD272E00F1E43C /* Info.plist */,
			);
			path = Segues;
			sourceTree = "<group>";
		};
		18EC258522BD272E00F1E43C /* SeguesTests */ = {
			isa = PBXGroup;
			children = (
				18EC258622BD272E00F1E43C /* SeguesTests.swift */,
				18EC258822BD272E00F1E43C /* Info.plist */,
			);
			path = SeguesTests;
			sourceTree = "<group>";
		};
		18EC259022BD272E00F1E43C /* SeguesUITests */ = {
			isa = PBXGroup;
			children = (
				18EC259122BD272E00F1E43C /* SeguesUITests.swift */,
				18EC259322BD272E00F1E43C /* Info.plist */,
			);
			path = SeguesUITests;
			sourceTree = "<group>";
		};
/* End PBXGroup section */

/* Begin PBXNativeTarget section */
		18EC256D22BD272B00F1E43C /* Segues */ = {
			isa = PBXNativeTarget;
			buildConfigurationList = 18EC259622BD272E00F1E43C /* Build configuration list for PBXNativeTarget "Segues" */;
			buildPhases = (
				18EC256A22BD272B00F1E43C /* Sources */,
				18EC256B22BD272B00F1E43C /* Frameworks */,
				18EC256C22BD272B00F1E43C /* Resources */,
			);
			buildRules = (
			);
			dependencies = (
			);
			name = Segues;
			productName = Segues;
			productReference = 18EC256E22BD272B00F1E43C /* Segues.app */;
			productType = "com.apple.product-type.application";
		};
		18EC258122BD272E00F1E43C /* SeguesTests */ = {
			isa = PBXNativeTarget;
			buildConfigurationList = 18EC259922BD272E00F1E43C /* Build configuration list for PBXNativeTarget "SeguesTests" */;
			buildPhases = (
				18EC257E22BD272E00F1E43C /* Sources */,
				18EC257F22BD272E00F1E43C /* Frameworks */,
				18EC258022BD272E00F1E43C /* Resources */,
			);
			buildRules = (
			);
			dependencies = (
				18EC258422BD272E00F1E43C /* PBXTargetDependency */,
			);
			name = SeguesTests;
			productName = SeguesTests;
			productReference = 18EC258222BD272E00F1E43C /* SeguesTests.xctest */;
			productType = "com.apple.product-type.bundle.unit-test";
		};
		18EC258C22BD272E00F1E43C /* SeguesUITests */ = {
			isa = PBXNativeTarget;
			buildConfigurationList = 18EC259C22BD272E00F1E43C /* Build configuration list for PBXNativeTarget "SeguesUITests" */;
			buildPhases = (
				18EC258922BD272E00F1E43C /* Sources */,
				18EC258A22BD272E00F1E43C /* Frameworks */,
				18EC258B22BD272E00F1E43C /* Resources */,
			);
			buildRules = (
			);
			dependencies = (
				18EC258F22BD272E00F1E43C /* PBXTargetDependency */,
			);
			name = SeguesUITests;
			productName = SeguesUITests;
			productReference = 18EC258D22BD272E00F1E43C /* SeguesUITests.xctest */;
			productType = "com.apple.product-type.bundle.ui-testing";
		};
/* End PBXNativeTarget section */

/* Begin PBXProject section */
		18EC256622BD272B00F1E43C /* Project object */ = {
			isa = PBXProject;
			attributes = {
				LastSwiftUpdateCheck = 1020;
				LastUpgradeCheck = 1020;
				ORGANIZATIONNAME = Apple;
				TargetAttributes = {
					18EC256D22BD272B00F1E43C = {
						CreatedOnToolsVersion = 10.2.1;
					};
					18EC258122BD272E00F1E43C = {
						CreatedOnToolsVersion = 10.2.1;
						TestTargetID = 18EC256D22BD272B00F1E43C;
					};
					18EC258C22BD272E00F1E43C = {
						CreatedOnToolsVersion = 10.2.1;
						TestTargetID = 18EC256D22BD272B00F1E43C;
					};
				};
			};
			buildConfigurationList = 18EC256922BD272B00F1E43C /* Build configuration list for PBXProject "Segues" */;
			compatibilityVersion = "Xcode 9.3";
			developmentRegion = en;
			hasScannedForEncodings = 0;
			knownRegions = (
				en,
				Base,
			);
			mainGroup = 18EC256522BD272B00F1E43C;
			productRefGroup = 18EC256F22BD272B00F1E43C /* Products */;
			projectDirPath = "";
			projectRoot = "";
			targets = (
				18EC256D22BD272B00F1E43C /* Segues */,
				18EC258122BD272E00F1E43C /* SeguesTests */,
				18EC258C22BD272E00F1E43C /* SeguesUITests */,
			);
		};
/* End PBXProject section */

/* Begin PBXResourcesBuildPhase section */
		18EC256C22BD272B00F1E43C /* Resources */ = {
			isa = PBXResourcesBuildPhase;
			buildActionMask = 2147483647;
			files = (
				18EC257C22BD272E00F1E43C /* LaunchScreen.storyboard in Resources */,
				18EC257922BD272E00F1E43C /* Assets.xcassets in Resources */,
				18EC257722BD272B00F1E43C /* Main.storyboard in Resources */,
			);
			runOnlyForDeploymentPostprocessing = 0;
		};
		18EC258022BD272E00F1E43C /* Resources */ = {
			isa = PBXResourcesBuildPhase;
			buildActionMask = 2147483647;
			files = (
			);
			runOnlyForDeploymentPostprocessing = 0;
		};
		18EC258B22BD272E00F1E43C /* Resources */ = {
			isa = PBXResourcesBuildPhase;
			buildActionMask = 2147483647;
			files = (
			);
			runOnlyForDeploymentPostprocessing = 0;
		};
/* End PBXResourcesBuildPhase section */

/* Begin PBXSourcesBuildPhase section */
		18EC256A22BD272B00F1E43C /* Sources */ = {
			isa = PBXSourcesBuildPhase;
			buildActionMask = 2147483647;
			files = (
				18EC257422BD272B00F1E43C /* ViewController.swift in Sources */,
				18EC257222BD272B00F1E43C /* AppDelegate.swift in Sources */,
			);
			runOnlyForDeploymentPostprocessing = 0;
		};
		18EC257E22BD272E00F1E43C /* Sources */ = {
			isa = PBXSourcesBuildPhase;
			buildActionMask = 2147483647;
			files = (
				18EC258722BD272E00F1E43C /* SeguesTests.swift in Sources */,
			);
			runOnlyForDeploymentPostprocessing = 0;
		};
		18EC258922BD272E00F1E43C /* Sources */ = {
			isa = PBXSourcesBuildPhase;
			buildActionMask = 2147483647;
			files = (
				18EC259222BD272E00F1E43C /* SeguesUITests.swift in Sources */,
			);
			runOnlyForDeploymentPostprocessing = 0;
		};
/* End PBXSourcesBuildPhase section */

/* Begin PBXTargetDependency section */
		18EC258422BD272E00F1E43C /* PBXTargetDependency */ = {
			isa = PBXTargetDependency;
			target = 18EC256D22BD272B00F1E43C /* Segues */;
			targetProxy = 18EC258322BD272E00F1E43C /* PBXContainerItemProxy */;
		};
		18EC258F22BD272E00F1E43C /* PBXTargetDependency */ = {
			isa = PBXTargetDependency;
			target = 18EC256D22BD272B00F1E43C /* Segues */;
			targetProxy = 18EC258E22BD272E00F1E43C /* PBXContainerItemProxy */;
		};
/* End PBXTargetDependency section */

/* Begin PBXVariantGroup section */
		18EC257522BD272B00F1E43C /* Main.storyboard */ = {
			isa = PBXVariantGroup;
			children = (
				18EC257622BD272B00F1E43C /* Base */,
			);
			name = Main.storyboard;
			sourceTree = "<group>";
		};
		18EC257A22BD272E00F1E43C /* LaunchScreen.storyboard */ = {
			isa = PBXVariantGroup;
			children = (
				18EC257B22BD272E00F1E43C /* Base */,
			);
			name = LaunchScreen.storyboard;
			sourceTree = "<group>";
		};
/* End PBXVariantGroup section */

/* Begin XCBuildConfiguration section */
		18EC259422BD272E00F1E43C /* Debug */ = {
			isa = XCBuildConfiguration;
			buildSettings = {
				ALWAYS_SEARCH_USER_PATHS = NO;
				CLANG_ANALYZER_NONNULL = YES;
				CLANG_ANALYZER_NUMBER_OBJECT_CONVERSION = YES_AGGRESSIVE;
				CLANG_CXX_LANGUAGE_STANDARD = "gnu++14";
				CLANG_CXX_LIBRARY = "libc++";
				CLANG_ENABLE_MODULES = YES;
				CLANG_ENABLE_OBJC_ARC = YES;
				CLANG_ENABLE_OBJC_WEAK = YES;
				CLANG_WARN_BLOCK_CAPTURE_AUTORELEASING = YES;
				CLANG_WARN_BOOL_CONVERSION = YES;
				CLANG_WARN_COMMA = YES;
				CLANG_WARN_CONSTANT_CONVERSION = YES;
				CLANG_WARN_DEPRECATED_OBJC_IMPLEMENTATIONS = YES;
				CLANG_WARN_DIRECT_OBJC_ISA_USAGE = YES_ERROR;
				CLANG_WARN_DOCUMENTATION_COMMENTS = YES;
				CLANG_WARN_EMPTY_BODY = YES;
				CLANG_WARN_ENUM_CONVERSION = YES;
				CLANG_WARN_INFINITE_RECURSION = YES;
				CLANG_WARN_INT_CONVERSION = YES;
				CLANG_WARN_NON_LITERAL_NULL_CONVERSION = YES;
				CLANG_WARN_OBJC_IMPLICIT_RETAIN_SELF = YES;
				CLANG_WARN_OBJC_LITERAL_CONVERSION = YES;
				CLANG_WARN_OBJC_ROOT_CLASS = YES_ERROR;
				CLANG_WARN_RANGE_LOOP_ANALYSIS = YES;
				CLANG_WARN_STRICT_PROTOTYPES = YES;
				CLANG_WARN_SUSPICIOUS_MOVE = YES;
				CLANG_WARN_UNGUARDED_AVAILABILITY = YES_AGGRESSIVE;
				CLANG_WARN_UNREACHABLE_CODE = YES;
				CLANG_WARN__DUPLICATE_METHOD_MATCH = YES;
				CODE_SIGN_IDENTITY = "iPhone Developer";
				COPY_PHASE_STRIP = NO;
				DEBUG_INFORMATION_FORMAT = dwarf;
				ENABLE_STRICT_OBJC_MSGSEND = YES;
				ENABLE_TESTABILITY = YES;
				GCC_C_LANGUAGE_STANDARD = gnu11;
				GCC_DYNAMIC_NO_PIC = NO;
				GCC_NO_COMMON_BLOCKS = YES;
				GCC_OPTIMIZATION_LEVEL = 0;
				GCC_PREPROCESSOR_DEFINITIONS = (
					"DEBUG=1",
					"$(inherited)",
				);
				GCC_WARN_64_TO_32_BIT_CONVERSION = YES;
				GCC_WARN_ABOUT_RETURN_TYPE = YES_ERROR;
				GCC_WARN_UNDECLARED_SELECTOR = YES;
				GCC_WARN_UNINITIALIZED_AUTOS = YES_AGGRESSIVE;
				GCC_WARN_UNUSED_FUNCTION = YES;
				GCC_WARN_UNUSED_VARIABLE = YES;
				IPHONEOS_DEPLOYMENT_TARGET = 12.2;
				MTL_ENABLE_DEBUG_INFO = INCLUDE_SOURCE;
				MTL_FAST_MATH = YES;
				ONLY_ACTIVE_ARCH = YES;
				SDKROOT = iphoneos;
				SWIFT_ACTIVE_COMPILATION_CONDITIONS = DEBUG;
				SWIFT_OPTIMIZATION_LEVEL = "-Onone";
			};
			name = Debug;
		};
		18EC259522BD272E00F1E43C /* Release */ = {
			isa = XCBuildConfiguration;
			buildSettings = {
				ALWAYS_SEARCH_USER_PATHS = NO;
				CLANG_ANALYZER_NONNULL = YES;
				CLANG_ANALYZER_NUMBER_OBJECT_CONVERSION = YES_AGGRESSIVE;
				CLANG_CXX_LANGUAGE_STANDARD = "gnu++14";
				CLANG_CXX_LIBRARY = "libc++";
				CLANG_ENABLE_MODULES = YES;
				CLANG_ENABLE_OBJC_ARC = YES;
				CLANG_ENABLE_OBJC_WEAK = YES;
				CLANG_WARN_BLOCK_CAPTURE_AUTORELEASING = YES;
				CLANG_WARN_BOOL_CONVERSION = YES;
				CLANG_WARN_COMMA = YES;
				CLANG_WARN_CONSTANT_CONVERSION = YES;
				CLANG_WARN_DEPRECATED_OBJC_IMPLEMENTATIONS = YES;
				CLANG_WARN_DIRECT_OBJC_ISA_USAGE = YES_ERROR;
				CLANG_WARN_DOCUMENTATION_COMMENTS = YES;
				CLANG_WARN_EMPTY_BODY = YES;
				CLANG_WARN_ENUM_CONVERSION = YES;
				CLANG_WARN_INFINITE_RECURSION = YES;
				CLANG_WARN_INT_CONVERSION = YES;
				CLANG_WARN_NON_LITERAL_NULL_CONVERSION = YES;
				CLANG_WARN_OBJC_IMPLICIT_RETAIN_SELF = YES;
				CLANG_WARN_OBJC_LITERAL_CONVERSION = YES;
				CLANG_WARN_OBJC_ROOT_CLASS = YES_ERROR;
				CLANG_WARN_RANGE_LOOP_ANALYSIS = YES;
				CLANG_WARN_STRICT_PROTOTYPES = YES;
				CLANG_WARN_SUSPICIOUS_MOVE = YES;
				CLANG_WARN_UNGUARDED_AVAILABILITY = YES_AGGRESSIVE;
				CLANG_WARN_UNREACHABLE_CODE = YES;
				CLANG_WARN__DUPLICATE_METHOD_MATCH = YES;
				CODE_SIGN_IDENTITY = "iPhone Developer";
				COPY_PHASE_STRIP = NO;
				DEBUG_INFORMATION_FORMAT = "dwarf-with-dsym";
				ENABLE_NS_ASSERTIONS = NO;
				ENABLE_STRICT_OBJC_MSGSEND = YES;
				GCC_C_LANGUAGE_STANDARD = gnu11;
				GCC_NO_COMMON_BLOCKS = YES;
				GCC_WARN_64_TO_32_BIT_CONVERSION = YES;
				GCC_WARN_ABOUT_RETURN_TYPE = YES_ERROR;
				GCC_WARN_UNDECLARED_SELECTOR = YES;
				GCC_WARN_UNINITIALIZED_AUTOS = YES_AGGRESSIVE;
				GCC_WARN_UNUSED_FUNCTION = YES;
				GCC_WARN_UNUSED_VARIABLE = YES;
				IPHONEOS_DEPLOYMENT_TARGET = 12.2;
				MTL_ENABLE_DEBUG_INFO = NO;
				MTL_FAST_MATH = YES;
				SDKROOT = iphoneos;
				SWIFT_COMPILATION_MODE = wholemodule;
				SWIFT_OPTIMIZATION_LEVEL = "-O";
				VALIDATE_PRODUCT = YES;
			};
			name = Release;
		};
		18EC259722BD272E00F1E43C /* Debug */ = {
			isa = XCBuildConfiguration;
			buildSettings = {
				ASSETCATALOG_COMPILER_APPICON_NAME = AppIcon;
				CODE_SIGN_STYLE = Automatic;
				INFOPLIST_FILE = Segues/Info.plist;
				LD_RUNPATH_SEARCH_PATHS = (
					"$(inherited)",
					"@executable_path/Frameworks",
				);
				PRODUCT_BUNDLE_IDENTIFIER = "Elif-Su.Segues";
				PRODUCT_NAME = "$(TARGET_NAME)";
				SWIFT_VERSION = 5.0;
				TARGETED_DEVICE_FAMILY = "1,2";
			};
			name = Debug;
		};
		18EC259822BD272E00F1E43C /* Release */ = {
			isa = XCBuildConfiguration;
			buildSettings = {
				ASSETCATALOG_COMPILER_APPICON_NAME = AppIcon;
				CODE_SIGN_STYLE = Automatic;
				INFOPLIST_FILE = Segues/Info.plist;
				LD_RUNPATH_SEARCH_PATHS = (
					"$(inherited)",
					"@executable_path/Frameworks",
				);
				PRODUCT_BUNDLE_IDENTIFIER = "Elif-Su.Segues";
				PRODUCT_NAME = "$(TARGET_NAME)";
				SWIFT_VERSION = 5.0;
				TARGETED_DEVICE_FAMILY = "1,2";
			};
			name = Release;
		};
		18EC259A22BD272E00F1E43C /* Debug */ = {
			isa = XCBuildConfiguration;
			buildSettings = {
				ALWAYS_EMBED_SWIFT_STANDARD_LIBRARIES = YES;
				BUNDLE_LOADER = "$(TEST_HOST)";
				CODE_SIGN_STYLE = Automatic;
				INFOPLIST_FILE = SeguesTests/Info.plist;
				LD_RUNPATH_SEARCH_PATHS = (
					"$(inherited)",
					"@executable_path/Frameworks",
					"@loader_path/Frameworks",
				);
				PRODUCT_BUNDLE_IDENTIFIER = "Elif-Su.SeguesTests";
				PRODUCT_NAME = "$(TARGET_NAME)";
				SWIFT_VERSION = 5.0;
				TARGETED_DEVICE_FAMILY = "1,2";
				TEST_HOST = "$(BUILT_PRODUCTS_DIR)/Segues.app/Segues";
			};
			name = Debug;
		};
		18EC259B22BD272E00F1E43C /* Release */ = {
			isa = XCBuildConfiguration;
			buildSettings = {
				ALWAYS_EMBED_SWIFT_STANDARD_LIBRARIES = YES;
				BUNDLE_LOADER = "$(TEST_HOST)";
				CODE_SIGN_STYLE = Automatic;
				INFOPLIST_FILE = SeguesTests/Info.plist;
				LD_RUNPATH_SEARCH_PATHS = (
					"$(inherited)",
					"@executable_path/Frameworks",
					"@loader_path/Frameworks",
				);
				PRODUCT_BUNDLE_IDENTIFIER = "Elif-Su.SeguesTests";
				PRODUCT_NAME = "$(TARGET_NAME)";
				SWIFT_VERSION = 5.0;
				TARGETED_DEVICE_FAMILY = "1,2";
				TEST_HOST = "$(BUILT_PRODUCTS_DIR)/Segues.app/Segues";
			};
			name = Release;
		};
		18EC259D22BD272E00F1E43C /* Debug */ = {
			isa = XCBuildConfiguration;
			buildSettings = {
				ALWAYS_EMBED_SWIFT_STANDARD_LIBRARIES = YES;
				CODE_SIGN_STYLE = Automatic;
				INFOPLIST_FILE = SeguesUITests/Info.plist;
				LD_RUNPATH_SEARCH_PATHS = (
					"$(inherited)",
					"@executable_path/Frameworks",
					"@loader_path/Frameworks",
				);
				PRODUCT_BUNDLE_IDENTIFIER = "Elif-Su.SeguesUITests";
				PRODUCT_NAME = "$(TARGET_NAME)";
				SWIFT_VERSION = 5.0;
				TARGETED_DEVICE_FAMILY = "1,2";
				TEST_TARGET_NAME = Segues;
			};
			name = Debug;
		};
		18EC259E22BD272E00F1E43C /* Release */ = {
			isa = XCBuildConfiguration;
			buildSettings = {
				ALWAYS_EMBED_SWIFT_STANDARD_LIBRARIES = YES;
				CODE_SIGN_STYLE = Automatic;
				INFOPLIST_FILE = SeguesUITests/Info.plist;
				LD_RUNPATH_SEARCH_PATHS = (
					"$(inherited)",
					"@executable_path/Frameworks",
					"@loader_path/Frameworks",
				);
				PRODUCT_BUNDLE_IDENTIFIER = "Elif-Su.SeguesUITests";
				PRODUCT_NAME = "$(TARGET_NAME)";
				SWIFT_VERSION = 5.0;
				TARGETED_DEVICE_FAMILY = "1,2";
				TEST_TARGET_NAME = Segues;
			};
			name = Release;
		};
/* End XCBuildConfiguration section */

/* Begin XCConfigurationList section */
		18EC256922BD272B00F1E43C /* Build configuration list for PBXProject "Segues" */ = {
			isa = XCConfigurationList;
			buildConfigurations = (
				18EC259422BD272E00F1E43C /* Debug */,
				18EC259522BD272E00F1E43C /* Release */,
			);
			defaultConfigurationIsVisible = 0;
			defaultConfigurationName = Release;
		};
		18EC259622BD272E00F1E43C /* Build configuration list for PBXNativeTarget "Segues" */ = {
			isa = XCConfigurationList;
			buildConfigurations = (
				18EC259722BD272E00F1E43C /* Debug */,
				18EC259822BD272E00F1E43C /* Release */,
			);
			defaultConfigurationIsVisible = 0;
			defaultConfigurationName = Release;
		};
		18EC259922BD272E00F1E43C /* Build configuration list for PBXNativeTarget "SeguesTests" */ = {
			isa = XCConfigurationList;
			buildConfigurations = (
				18EC259A22BD272E00F1E43C /* Debug */,
				18EC259B22BD272E00F1E43C /* Release */,
			);
			defaultConfigurationIsVisible = 0;
			defaultConfigurationName = Release;
		};
		18EC259C22BD272E00F1E43C /* Build configuration list for PBXNativeTarget "SeguesUITests" */ = {
			isa = XCConfigurationList;
			buildConfigurations = (
				18EC259D22BD272E00F1E43C /* Debug */,
				18EC259E22BD272E00F1E43C /* Release */,
			);
			defaultConfigurationIsVisible = 0;
			defaultConfigurationName = Release;
		};
/* End XCConfigurationList section */
	};
	rootObject = 18EC256622BD272B00F1E43C /* Project object */;
}
